// !$*UTF8*$!
{
	archiveVersion = 1;
	classes = {
	};
	objectVersion = 50;
	objects = {

/* Begin PBXBuildFile section */
		D0923F5F23F30A0500BD0E60 /* AppDelegate.swift in Sources */ = {isa = PBXBuildFile; fileRef = D0923F5E23F30A0500BD0E60 /* AppDelegate.swift */; };
		D0923F6123F30A0500BD0E60 /* SceneDelegate.swift in Sources */ = {isa = PBXBuildFile; fileRef = D0923F6023F30A0500BD0E60 /* SceneDelegate.swift */; };
		D0923F6323F30A0500BD0E60 /* ViewController.swift in Sources */ = {isa = PBXBuildFile; fileRef = D0923F6223F30A0500BD0E60 /* ViewController.swift */; };
		D0923F6623F30A0500BD0E60 /* Main.storyboard in Resources */ = {isa = PBXBuildFile; fileRef = D0923F6423F30A0500BD0E60 /* Main.storyboard */; };
		D0923F6823F30A0500BD0E60 /* Assets.xcassets in Resources */ = {isa = PBXBuildFile; fileRef = D0923F6723F30A0500BD0E60 /* Assets.xcassets */; };
		D0923F6B23F30A0500BD0E60 /* LaunchScreen.storyboard in Resources */ = {isa = PBXBuildFile; fileRef = D0923F6923F30A0500BD0E60 /* LaunchScreen.storyboard */; };
		D0923F7323F317CF00BD0E60 /* Colour.swift in Sources */ = {isa = PBXBuildFile; fileRef = D0923F7223F317CF00BD0E60 /* Colour.swift */; };
/* End PBXBuildFile section */

/* Begin PBXFileReference section */
		D0923F5B23F30A0500BD0E60 /* colourMixer.app */ = {isa = PBXFileReference; explicitFileType = wrapper.application; includeInIndex = 0; path = colourMixer.app; sourceTree = BUILT_PRODUCTS_DIR; };
		D0923F5E23F30A0500BD0E60 /* AppDelegate.swift */ = {isa = PBXFileReference; lastKnownFileType = sourcecode.swift; path = AppDelegate.swift; sourceTree = "<group>"; };
		D0923F6023F30A0500BD0E60 /* SceneDelegate.swift */ = {isa = PBXFileReference; lastKnownFileType = sourcecode.swift; path = SceneDelegate.swift; sourceTree = "<group>"; };
		D0923F6223F30A0500BD0E60 /* ViewController.swift */ = {isa = PBXFileReference; lastKnownFileType = sourcecode.swift; path = ViewController.swift; sourceTree = "<group>"; };
		D0923F6523F30A0500BD0E60 /* Base */ = {isa = PBXFileReference; lastKnownFileType = file.storyboard; name = Base; path = Base.lproj/Main.storyboard; sourceTree = "<group>"; };
		D0923F6723F30A0500BD0E60 /* Assets.xcassets */ = {isa = PBXFileReference; lastKnownFileType = folder.assetcatalog; path = Assets.xcassets; sourceTree = "<group>"; };
		D0923F6A23F30A0500BD0E60 /* Base */ = {isa = PBXFileReference; lastKnownFileType = file.storyboard; name = Base; path = Base.lproj/LaunchScreen.storyboard; sourceTree = "<group>"; };
		D0923F6C23F30A0500BD0E60 /* Info.plist */ = {isa = PBXFileReference; lastKnownFileType = text.plist.xml; path = Info.plist; sourceTree = "<group>"; };
		D0923F7223F317CF00BD0E60 /* Colour.swift */ = {isa = PBXFileReference; lastKnownFileType = sourcecode.swift; path = Colour.swift; sourceTree = "<group>"; };
/* End PBXFileReference section */

/* Begin PBXFrameworksBuildPhase section */
		D0923F5823F30A0500BD0E60 /* Frameworks */ = {
			isa = PBXFrameworksBuildPhase;
			buildActionMask = 2147483647;
			files = (
			);
			runOnlyForDeploymentPostprocessing = 0;
		};
/* End PBXFrameworksBuildPhase section */

/* Begin PBXGroup section */
		D0923F5223F30A0500BD0E60 = {
			isa = PBXGroup;
			children = (
				D0923F5D23F30A0500BD0E60 /* colourMixer */,
				D0923F5C23F30A0500BD0E60 /* Products */,
			);
			sourceTree = "<group>";
		};
		D0923F5C23F30A0500BD0E60 /* Products */ = {
			isa = PBXGroup;
			children = (
				D0923F5B23F30A0500BD0E60 /* colourMixer.app */,
			);
			name = Products;
			sourceTree = "<group>";
		};
		D0923F5D23F30A0500BD0E60 /* colourMixer */ = {
			isa = PBXGroup;
			children = (
				D0923F5E23F30A0500BD0E60 /* AppDelegate.swift */,
				D0923F6023F30A0500BD0E60 /* SceneDelegate.swift */,
				D0923F6223F30A0500BD0E60 /* ViewController.swift */,
				D0923F6423F30A0500BD0E60 /* Main.storyboard */,
				D0923F6723F30A0500BD0E60 /* Assets.xcassets */,
				D0923F6923F30A0500BD0E60 /* LaunchScreen.storyboard */,
				D0923F6C23F30A0500BD0E60 /* Info.plist */,
				D0923F7223F317CF00BD0E60 /* Colour.swift */,
			);
			path = colourMixer;
			sourceTree = "<group>";
		};
/* End PBXGroup section */

/* Begin PBXNativeTarget section */
		D0923F5A23F30A0500BD0E60 /* colourMixer */ = {
			isa = PBXNativeTarget;
			buildConfigurationList = D0923F6F23F30A0500BD0E60 /* Build configuration list for PBXNativeTarget "colourMixer" */;
			buildPhases = (
				D0923F5723F30A0500BD0E60 /* Sources */,
				D0923F5823F30A0500BD0E60 /* Frameworks */,
				D0923F5923F30A0500BD0E60 /* Resources */,
			);
			buildRules = (
			);
			dependencies = (
			);
			name = colourMixer;
			productName = colourMixer;
			productReference = D0923F5B23F30A0500BD0E60 /* colourMixer.app */;
			productType = "com.apple.product-type.application";
		};
/* End PBXNativeTarget section */

/* Begin PBXProject section */
		D0923F5323F30A0500BD0E60 /* Project object */ = {
			isa = PBXProject;
			attributes = {
				LastSwiftUpdateCheck = 1130;
				LastUpgradeCheck = 1130;
				ORGANIZATIONNAME = "Van Quang Nguyen";
				TargetAttributes = {
					D0923F5A23F30A0500BD0E60 = {
						CreatedOnToolsVersion = 11.3.1;
					};
				};
			};
			buildConfigurationList = D0923F5623F30A0500BD0E60 /* Build configuration list for PBXProject "colourMixer" */;
			compatibilityVersion = "Xcode 9.3";
			developmentRegion = en;
			hasScannedForEncodings = 0;
			knownRegions = (
				en,
				Base,
			);
			mainGroup = D0923F5223F30A0500BD0E60;
			productRefGroup = D0923F5C23F30A0500BD0E60 /* Products */;
			projectDirPath = "";
			projectRoot = "";
			targets = (
				D0923F5A23F30A0500BD0E60 /* colourMixer */,
			);
		};
/* End PBXProject section */

/* Begin PBXResourcesBuildPhase section */
		D0923F5923F30A0500BD0E60 /* Resources */ = {
			isa = PBXResourcesBuildPhase;
			buildActionMask = 2147483647;
			files = (
				D0923F6B23F30A0500BD0E60 /* LaunchScreen.storyboard in Resources */,
				D0923F6823F30A0500BD0E60 /* Assets.xcassets in Resources */,
				D0923F6623F30A0500BD0E60 /* Main.storyboard in Resources */,
			);
			runOnlyForDeploymentPostprocessing = 0;
		};
/* End PBXResourcesBuildPhase section */

/* Begin PBXSourcesBuildPhase section */
		D0923F5723F30A0500BD0E60 /* Sources */ = {
			isa = PBXSourcesBuildPhase;
			buildActionMask = 2147483647;
			files = (
				D0923F6323F30A0500BD0E60 /* ViewController.swift in Sources */,
				D0923F5F23F30A0500BD0E60 /* AppDelegate.swift in Sources */,
				D0923F6123F30A0500BD0E60 /* SceneDelegate.swift in Sources */,
				D0923F7323F317CF00BD0E60 /* Colour.swift in Sources */,
			);
			runOnlyForDeploymentPostprocessing = 0;
		};
/* End PBXSourcesBuildPhase section */

/* Begin PBXVariantGroup section */
		D0923F6423F30A0500BD0E60 /* Main.storyboard */ = {
			isa = PBXVariantGroup;
			children = (
				D0923F6523F30A0500BD0E60 /* Base */,
			);
			name = Main.storyboard;
			sourceTree = "<group>";
		};
		D0923F6923F30A0500BD0E60 /* LaunchScreen.storyboard */ = {
			isa = PBXVariantGroup;
			children = (
				D0923F6A23F30A0500BD0E60 /* Base */,
			);
			name = LaunchScreen.storyboard;
			sourceTree = "<group>";
		};
/* End PBXVariantGroup section */

/* Begin XCBuildConfiguration section */
		D0923F6D23F30A0500BD0E60 /* Debug */ = {
			isa = XCBuildConfiguration;
			buildSettings = {
				ALWAYS_SEARCH_USER_PATHS = NO;
				CLANG_ANALYZER_NONNULL = YES;
				CLANG_ANALYZER_NUMBER_OBJECT_CONVERSION = YES_AGGRESSIVE;
				CLANG_CXX_LANGUAGE_STANDARD = "gnu++14";
				CLANG_CXX_LIBRARY = "libc++";
				CLANG_ENABLE_MODULES = YES;
				CLANG_ENABLE_OBJC_ARC = YES;
				CLANG_ENABLE_OBJC_WEAK = YES;
				CLANG_WARN_BLOCK_CAPTURE_AUTORELEASING = YES;
				CLANG_WARN_BOOL_CONVERSION = YES;
				CLANG_WARN_COMMA = YES;
				CLANG_WARN_CONSTANT_CONVERSION = YES;
				CLANG_WARN_DEPRECATED_OBJC_IMPLEMENTATIONS = YES;
				CLANG_WARN_DIRECT_OBJC_ISA_USAGE = YES_ERROR;
				CLANG_WARN_DOCUMENTATION_COMMENTS = YES;
				CLANG_WARN_EMPTY_BODY = YES;
				CLANG_WARN_ENUM_CONVERSION = YES;
				CLANG_WARN_INFINITE_RECURSION = YES;
				CLANG_WARN_INT_CONVERSION = YES;
				CLANG_WARN_NON_LITERAL_NULL_CONVERSION = YES;
				CLANG_WARN_OBJC_IMPLICIT_RETAIN_SELF = YES;
				CLANG_WARN_OBJC_LITERAL_CONVERSION = YES;
				CLANG_WARN_OBJC_ROOT_CLASS = YES_ERROR;
				CLANG_WARN_RANGE_LOOP_ANALYSIS = YES;
				CLANG_WARN_STRICT_PROTOTYPES = YES;
				CLANG_WARN_SUSPICIOUS_MOVE = YES;
				CLANG_WARN_UNGUARDED_AVAILABILITY = YES_AGGRESSIVE;
				CLANG_WARN_UNREACHABLE_CODE = YES;
				CLANG_WARN__DUPLICATE_METHOD_MATCH = YES;
				COPY_PHASE_STRIP = NO;
				DEBUG_INFORMATION_FORMAT = dwarf;
				ENABLE_STRICT_OBJC_MSGSEND = YES;
				ENABLE_TESTABILITY = YES;
				GCC_C_LANGUAGE_STANDARD = gnu11;
				GCC_DYNAMIC_NO_PIC = NO;
				GCC_NO_COMMON_BLOCKS = YES;
				GCC_OPTIMIZATION_LEVEL = 0;
				GCC_PREPROCESSOR_DEFINITIONS = (
					"DEBUG=1",
					"$(inherited)",
				);
				GCC_WARN_64_TO_32_BIT_CONVERSION = YES;
				GCC_WARN_ABOUT_RETURN_TYPE = YES_ERROR;
				GCC_WARN_UNDECLARED_SELECTOR = YES;
				GCC_WARN_UNINITIALIZED_AUTOS = YES_AGGRESSIVE;
				GCC_WARN_UNUSED_FUNCTION = YES;
				GCC_WARN_UNUSED_VARIABLE = YES;
				IPHONEOS_DEPLOYMENT_TARGET = 13.2;
				MTL_ENABLE_DEBUG_INFO = INCLUDE_SOURCE;
				MTL_FAST_MATH = YES;
				ONLY_ACTIVE_ARCH = YES;
				SDKROOT = iphoneos;
				SWIFT_ACTIVE_COMPILATION_CONDITIONS = DEBUG;
				SWIFT_OPTIMIZATION_LEVEL = "-Onone";
			};
			name = Debug;
		};
		D0923F6E23F30A0500BD0E60 /* Release */ = {
			isa = XCBuildConfiguration;
			buildSettings = {
				ALWAYS_SEARCH_USER_PATHS = NO;
				CLANG_ANALYZER_NONNULL = YES;
				CLANG_ANALYZER_NUMBER_OBJECT_CONVERSION = YES_AGGRESSIVE;
				CLANG_CXX_LANGUAGE_STANDARD = "gnu++14";
				CLANG_CXX_LIBRARY = "libc++";
				CLANG_ENABLE_MODULES = YES;
				CLANG_ENABLE_OBJC_ARC = YES;
				CLANG_ENABLE_OBJC_WEAK = YES;
				CLANG_WARN_BLOCK_CAPTURE_AUTORELEASING = YES;
				CLANG_WARN_BOOL_CONVERSION = YES;
				CLANG_WARN_COMMA = YES;
				CLANG_WARN_CONSTANT_CONVERSION = YES;
				CLANG_WARN_DEPRECATED_OBJC_IMPLEMENTATIONS = YES;
				CLANG_WARN_DIRECT_OBJC_ISA_USAGE = YES_ERROR;
				CLANG_WARN_DOCUMENTATION_COMMENTS = YES;
				CLANG_WARN_EMPTY_BODY = YES;
				CLANG_WARN_ENUM_CONVERSION = YES;
				CLANG_WARN_INFINITE_RECURSION = YES;
				CLANG_WARN_INT_CONVERSION = YES;
				CLANG_WARN_NON_LITERAL_NULL_CONVERSION = YES;
				CLANG_WARN_OBJC_IMPLICIT_RETAIN_SELF = YES;
				CLANG_WARN_OBJC_LITERAL_CONVERSION = YES;
				CLANG_WARN_OBJC_ROOT_CLASS = YES_ERROR;
				CLANG_WARN_RANGE_LOOP_ANALYSIS = YES;
				CLANG_WARN_STRICT_PROTOTYPES = YES;
				CLANG_WARN_SUSPICIOUS_MOVE = YES;
				CLANG_WARN_UNGUARDED_AVAILABILITY = YES_AGGRESSIVE;
				CLANG_WARN_UNREACHABLE_CODE = YES;
				CLANG_WARN__DUPLICATE_METHOD_MATCH = YES;
				COPY_PHASE_STRIP = NO;
				DEBUG_INFORMATION_FORMAT = "dwarf-with-dsym";
				ENABLE_NS_ASSERTIONS = NO;
				ENABLE_STRICT_OBJC_MSGSEND = YES;
				GCC_C_LANGUAGE_STANDARD = gnu11;
				GCC_NO_COMMON_BLOCKS = YES;
				GCC_WARN_64_TO_32_BIT_CONVERSION = YES;
				GCC_WARN_ABOUT_RETURN_TYPE = YES_ERROR;
				GCC_WARN_UNDECLARED_SELECTOR = YES;
				GCC_WARN_UNINITIALIZED_AUTOS = YES_AGGRESSIVE;
				GCC_WARN_UNUSED_FUNCTION = YES;
				GCC_WARN_UNUSED_VARIABLE = YES;
				IPHONEOS_DEPLOYMENT_TARGET = 13.2;
				MTL_ENABLE_DEBUG_INFO = NO;
				MTL_FAST_MATH = YES;
				SDKROOT = iphoneos;
				SWIFT_COMPILATION_MODE = wholemodule;
				SWIFT_OPTIMIZATION_LEVEL = "-O";
				VALIDATE_PRODUCT = YES;
			};
			name = Release;
		};
		D0923F7023F30A0500BD0E60 /* Debug */ = {
			isa = XCBuildConfiguration;
			buildSettings = {
				ASSETCATALOG_COMPILER_APPICON_NAME = AppIcon;
				CODE_SIGN_IDENTITY = "Apple Development";
				CODE_SIGN_STYLE = Automatic;
				DEVELOPMENT_TEAM = 7BF92C96D3;
				INFOPLIST_FILE = colourMixer/Info.plist;
				LD_RUNPATH_SEARCH_PATHS = (
					"$(inherited)",
					"@executable_path/Frameworks",
				);
				PRODUCT_BUNDLE_IDENTIFIER = com.Shrekcolour.colourMixer;
				PRODUCT_NAME = "$(TARGET_NAME)";
				PROVISIONING_PROFILE_SPECIFIER = "";
				SWIFT_VERSION = 5.0;
				TARGETED_DEVICE_FAMILY = "1,2";
			};
			name = Debug;
		};
		D0923F7123F30A0500BD0E60 /* Release */ = {
			isa = XCBuildConfiguration;
			buildSettings = {
				ASSETCATALOG_COMPILER_APPICON_NAME = AppIcon;
				CODE_SIGN_IDENTITY = "Apple Development";
				CODE_SIGN_STYLE = Automatic;
				DEVELOPMENT_TEAM = 7BF92C96D3;
				INFOPLIST_FILE = colourMixer/Info.plist;
				LD_RUNPATH_SEARCH_PATHS = (
					"$(inherited)",
					"@executable_path/Frameworks",
				);
				PRODUCT_BUNDLE_IDENTIFIER = com.Shrekcolour.colourMixer;
				PRODUCT_NAME = "$(TARGET_NAME)";
				PROVISIONING_PROFILE_SPECIFIER = "";
				SWIFT_VERSION = 5.0;
				TARGETED_DEVICE_FAMILY = "1,2";
			};
			name = Release;
		};
/* End XCBuildConfiguration section */

/* Begin XCConfigurationList section */
		D0923F5623F30A0500BD0E60 /* Build configuration list for PBXProject "colourMixer" */ = {
			isa = XCConfigurationList;
			buildConfigurations = (
				D0923F6D23F30A0500BD0E60 /* Debug */,
				D0923F6E23F30A0500BD0E60 /* Release */,
			);
			defaultConfigurationIsVisible = 0;
			defaultConfigurationName = Release;
		};
		D0923F6F23F30A0500BD0E60 /* Build configuration list for PBXNativeTarget "colourMixer" */ = {
			isa = XCConfigurationList;
			buildConfigurations = (
				D0923F7023F30A0500BD0E60 /* Debug */,
				D0923F7123F30A0500BD0E60 /* Release */,
			);
			defaultConfigurationIsVisible = 0;
			defaultConfigurationName = Release;
		};
/* End XCConfigurationList section */
	};
	rootObject = D0923F5323F30A0500BD0E60 /* Project object */;
}
